
Microsoft Visual Studio Solution File, Format Version 12.00
# Visual Studio Version 16
VisualStudioVersion = 16.0.31424.327
MinimumVisualStudioVersion = 10.0.40219.1
Project("{9A19103F-16F7-4668-BE54-9A1E7A4F7556}") = "BestCodderCourse", "BestCodderCourse\BestCodderCourse.csproj", "{2DD2C3AE-FF66-4E8C-BBCF-D14E1EF53A11}"
EndProject
Project("{FAE04EC0-301F-11D3-BF4B-00C04F79EFBC}") = "BestCodder.DataAccess", "BestCodder.DataAccess\BestCodder.DataAccess.csproj", "{A28DF4E4-EB6B-4102-8967-AC3493534E85}"
EndProject
Project("{FAE04EC0-301F-11D3-BF4B-00C04F79EFBC}") = "BestCodder.Common", "BestCodder.Common\BestCodder.Common.csproj", "{C8C72EFC-A941-46AF-8ADF-4BA4F156D238}"
EndProject
Project("{FAE04EC0-301F-11D3-BF4B-00C04F79EFBC}") = "BestCodder.Models", "BestCodder.Models\BestCodder.Models.csproj", "{714290C2-89B5-4B97-8DAF-8A0A0E9671EE}"
EndProject
Project("{FAE04EC0-301F-11D3-BF4B-00C04F79EFBC}") = "BestCodder.Business", "BestCodder.Business\BestCodder.Business.csproj", "{B6F95B67-6E4F-4E78-9E37-EA0F4B02D505}"
EndProject
Global
	GlobalSection(SolutionConfigurationPlatforms) = preSolution
		Debug|Any CPU = Debug|Any CPU
		Release|Any CPU = Release|Any CPU
	EndGlobalSection
	GlobalSection(ProjectConfigurationPlatforms) = postSolution
		{2DD2C3AE-FF66-4E8C-BBCF-D14E1EF53A11}.Debug|Any CPU.ActiveCfg = Debug|Any CPU
		{2DD2C3AE-FF66-4E8C-BBCF-D14E1EF53A11}.Debug|Any CPU.Build.0 = Debug|Any CPU
		{2DD2C3AE-FF66-4E8C-BBCF-D14E1EF53A11}.Release|Any CPU.ActiveCfg = Release|Any CPU
		{2DD2C3AE-FF66-4E8C-BBCF-D14E1EF53A11}.Release|Any CPU.Build.0 = Release|Any CPU
		{A28DF4E4-EB6B-4102-8967-AC3493534E85}.Debug|Any CPU.ActiveCfg = Debug|Any CPU
		{A28DF4E4-EB6B-4102-8967-AC3493534E85}.Debug|Any CPU.Build.0 = Debug|Any CPU
		{A28DF4E4-EB6B-4102-8967-AC3493534E85}.Release|Any CPU.ActiveCfg = Release|Any CPU
		{A28DF4E4-EB6B-4102-8967-AC3493534E85}.Release|Any CPU.Build.0 = Release|Any CPU
		{C8C72EFC-A941-46AF-8ADF-4BA4F156D238}.Debug|Any CPU.ActiveCfg = Debug|Any CPU
		{C8C72EFC-A941-46AF-8ADF-4BA4F156D238}.Debug|Any CPU.Build.0 = Debug|Any CPU
		{C8C72EFC-A941-46AF-8ADF-4BA4F156D238}.Release|Any CPU.ActiveCfg = Release|Any CPU
		{C8C72EFC-A941-46AF-8ADF-4BA4F156D238}.Release|Any CPU.Build.0 = Release|Any CPU
		{714290C2-89B5-4B97-8DAF-8A0A0E9671EE}.Debug|Any CPU.ActiveCfg = Debug|Any CPU
		{714290C2-89B5-4B97-8DAF-8A0A0E9671EE}.Debug|Any CPU.Build.0 = Debug|Any CPU
		{714290C2-89B5-4B97-8DAF-8A0A0E9671EE}.Release|Any CPU.ActiveCfg = Release|Any CPU
		{714290C2-89B5-4B97-8DAF-8A0A0E9671EE}.Release|Any CPU.Build.0 = Release|Any CPU
		{B6F95B67-6E4F-4E78-9E37-EA0F4B02D505}.Debug|Any CPU.ActiveCfg = Debug|Any CPU
		{B6F95B67-6E4F-4E78-9E37-EA0F4B02D505}.Debug|Any CPU.Build.0 = Debug|Any CPU
		{B6F95B67-6E4F-4E78-9E37-EA0F4B02D505}.Release|Any CPU.ActiveCfg = Release|Any CPU
		{B6F95B67-6E4F-4E78-9E37-EA0F4B02D505}.Release|Any CPU.Build.0 = Release|Any CPU
	EndGlobalSection
	GlobalSection(SolutionProperties) = preSolution
		HideSolutionNode = FALSE
	EndGlobalSection
	GlobalSection(ExtensibilityGlobals) = postSolution
		SolutionGuid = {3F633A68-E3BD-4F9D-85AD-C120494CB95B}
	EndGlobalSection
EndGlobal
